
Microsoft Visual Studio Solution File, Format Version 12.00
# Visual Studio 15
VisualStudioVersion = 15.0.28307.106
MinimumVisualStudioVersion = 10.0.40219.1
Project("{FAE04EC0-301F-11D3-BF4B-00C04F79EFBC}") = "moq-NullableIssue", "moq-NullableIssue\moq-NullableIssue.csproj", "{3A5F5BF3-51F2-4DC7-B3F5-505A8DC0561C}"
EndProject
Global
	GlobalSection(SolutionConfigurationPlatforms) = preSolution
		Debug|Any CPU = Debug|Any CPU
		Release|Any CPU = Release|Any CPU
	EndGlobalSection
	GlobalSection(ProjectConfigurationPlatforms) = postSolution
		{3A5F5BF3-51F2-4DC7-B3F5-505A8DC0561C}.Debug|Any CPU.ActiveCfg = Debug|Any CPU
		{3A5F5BF3-51F2-4DC7-B3F5-505A8DC0561C}.Debug|Any CPU.Build.0 = Debug|Any CPU
		{3A5F5BF3-51F2-4DC7-B3F5-505A8DC0561C}.Release|Any CPU.ActiveCfg = Release|Any CPU
		{3A5F5BF3-51F2-4DC7-B3F5-505A8DC0561C}.Release|Any CPU.Build.0 = Release|Any CPU
	EndGlobalSection
	GlobalSection(SolutionProperties) = preSolution
		HideSolutionNode = FALSE
	EndGlobalSection
	GlobalSection(ExtensibilityGlobals) = postSolution
		SolutionGuid = {2135F6CE-B656-48D6-97E3-456909E517C9}
	EndGlobalSection
EndGlobal
